
Microsoft Visual Studio Solution File, Format Version 12.00
# Visual Studio Version 17
VisualStudioVersion = 17.7.34009.444
MinimumVisualStudioVersion = 10.0.40219.1
Project("{FAE04EC0-301F-11D3-BF4B-00C04F79EFBC}") = "Interfaz", "PL\Interfaz.csproj", "{1BC4FD55-EF7F-473C-BDF3-FF6CB9F72A66}"
EndProject
Project("{FAE04EC0-301F-11D3-BF4B-00C04F79EFBC}") = "Modelos", "ML\Modelos.csproj", "{CC93243A-844C-492F-B846-CD059B1CFFF2}"
EndProject
Project("{FAE04EC0-301F-11D3-BF4B-00C04F79EFBC}") = "Datos", "DL\Datos.csproj", "{FB6E124E-4890-4E1A-82D0-CD03D736740E}"
EndProject
Project("{FAE04EC0-301F-11D3-BF4B-00C04F79EFBC}") = "Negocio", "BL\Negocio.csproj", "{42C1E37B-5AAF-4E01-B663-FC6DDCB2B59E}"
EndProject
Global
	GlobalSection(SolutionConfigurationPlatforms) = preSolution
		Debug|Any CPU = Debug|Any CPU
		Release|Any CPU = Release|Any CPU
	EndGlobalSection
	GlobalSection(ProjectConfigurationPlatforms) = postSolution
		{1BC4FD55-EF7F-473C-BDF3-FF6CB9F72A66}.Debug|Any CPU.ActiveCfg = Debug|Any CPU
		{1BC4FD55-EF7F-473C-BDF3-FF6CB9F72A66}.Debug|Any CPU.Build.0 = Debug|Any CPU
		{1BC4FD55-EF7F-473C-BDF3-FF6CB9F72A66}.Release|Any CPU.ActiveCfg = Release|Any CPU
		{1BC4FD55-EF7F-473C-BDF3-FF6CB9F72A66}.Release|Any CPU.Build.0 = Release|Any CPU
		{CC93243A-844C-492F-B846-CD059B1CFFF2}.Debug|Any CPU.ActiveCfg = Debug|Any CPU
		{CC93243A-844C-492F-B846-CD059B1CFFF2}.Debug|Any CPU.Build.0 = Debug|Any CPU
		{CC93243A-844C-492F-B846-CD059B1CFFF2}.Release|Any CPU.ActiveCfg = Release|Any CPU
		{CC93243A-844C-492F-B846-CD059B1CFFF2}.Release|Any CPU.Build.0 = Release|Any CPU
		{FB6E124E-4890-4E1A-82D0-CD03D736740E}.Debug|Any CPU.ActiveCfg = Debug|Any CPU
		{FB6E124E-4890-4E1A-82D0-CD03D736740E}.Debug|Any CPU.Build.0 = Debug|Any CPU
		{FB6E124E-4890-4E1A-82D0-CD03D736740E}.Release|Any CPU.ActiveCfg = Release|Any CPU
		{FB6E124E-4890-4E1A-82D0-CD03D736740E}.Release|Any CPU.Build.0 = Release|Any CPU
		{42C1E37B-5AAF-4E01-B663-FC6DDCB2B59E}.Debug|Any CPU.ActiveCfg = Debug|Any CPU
		{42C1E37B-5AAF-4E01-B663-FC6DDCB2B59E}.Debug|Any CPU.Build.0 = Debug|Any CPU
		{42C1E37B-5AAF-4E01-B663-FC6DDCB2B59E}.Release|Any CPU.ActiveCfg = Release|Any CPU
		{42C1E37B-5AAF-4E01-B663-FC6DDCB2B59E}.Release|Any CPU.Build.0 = Release|Any CPU
	EndGlobalSection
	GlobalSection(SolutionProperties) = preSolution
		HideSolutionNode = FALSE
	EndGlobalSection
	GlobalSection(ExtensibilityGlobals) = postSolution
		SolutionGuid = {38790DBE-AFC5-4222-B20A-265CD940C8AE}
	EndGlobalSection
EndGlobal
